
Microsoft Visual Studio Solution File, Format Version 12.00
# Visual Studio 14
VisualStudioVersion = 14.0.25420.1
MinimumVisualStudioVersion = 10.0.40219.1
Project("{FAE04EC0-301F-11D3-BF4B-00C04F79EFBC}") = "TwistControl.Droid", "TwistControl\TwistControl.Droid\TwistControl.Droid.csproj", "{BA1A56EC-A619-4613-99C6-E6058FBC9D81}"
EndProject
Project("{FAE04EC0-301F-11D3-BF4B-00C04F79EFBC}") = "TwistControl.iOS", "TwistControl\TwistControl.iOS\TwistControl.iOS.csproj", "{826FC743-000F-4E91-8AEF-AF6F7DE73E85}"
EndProject
Project("{FAE04EC0-301F-11D3-BF4B-00C04F79EFBC}") = "TwistControl.UWP", "TwistControl\TwistControl.UWP\TwistControl.UWP.csproj", "{73E9CEEE-D318-4409-A85B-F36F5D65AA73}"
EndProject
Project("{FAE04EC0-301F-11D3-BF4B-00C04F79EFBC}") = "TwistControl", "TwistControl\TwistControl\TwistControl.csproj", "{6844D319-23DE-45A0-AEAF-EDFDF0654ACD}"
EndProject
Global
	GlobalSection(SolutionConfigurationPlatforms) = preSolution
		Ad-Hoc|Any CPU = Ad-Hoc|Any CPU
		Ad-Hoc|ARM = Ad-Hoc|ARM
		Ad-Hoc|iPhone = Ad-Hoc|iPhone
		Ad-Hoc|iPhoneSimulator = Ad-Hoc|iPhoneSimulator
		Ad-Hoc|x64 = Ad-Hoc|x64
		Ad-Hoc|x86 = Ad-Hoc|x86
		AppStore|Any CPU = AppStore|Any CPU
		AppStore|ARM = AppStore|ARM
		AppStore|iPhone = AppStore|iPhone
		AppStore|iPhoneSimulator = AppStore|iPhoneSimulator
		AppStore|x64 = AppStore|x64
		AppStore|x86 = AppStore|x86
		Debug|Any CPU = Debug|Any CPU
		Debug|ARM = Debug|ARM
		Debug|iPhone = Debug|iPhone
		Debug|iPhoneSimulator = Debug|iPhoneSimulator
		Debug|x64 = Debug|x64
		Debug|x86 = Debug|x86
		Release|Any CPU = Release|Any CPU
		Release|ARM = Release|ARM
		Release|iPhone = Release|iPhone
		Release|iPhoneSimulator = Release|iPhoneSimulator
		Release|x64 = Release|x64
		Release|x86 = Release|x86
	EndGlobalSection
	GlobalSection(ProjectConfigurationPlatforms) = postSolution
		{BA1A56EC-A619-4613-99C6-E6058FBC9D81}.Ad-Hoc|Any CPU.ActiveCfg = Release|Any CPU
		{BA1A56EC-A619-4613-99C6-E6058FBC9D81}.Ad-Hoc|Any CPU.Build.0 = Release|Any CPU
		{BA1A56EC-A619-4613-99C6-E6058FBC9D81}.Ad-Hoc|Any CPU.Deploy.0 = Release|Any CPU
		{BA1A56EC-A619-4613-99C6-E6058FBC9D81}.Ad-Hoc|ARM.ActiveCfg = Release|Any CPU
		{BA1A56EC-A619-4613-99C6-E6058FBC9D81}.Ad-Hoc|ARM.Build.0 = Release|Any CPU
		{BA1A56EC-A619-4613-99C6-E6058FBC9D81}.Ad-Hoc|ARM.Deploy.0 = Release|Any CPU
		{BA1A56EC-A619-4613-99C6-E6058FBC9D81}.Ad-Hoc|iPhone.ActiveCfg = Release|Any CPU
		{BA1A56EC-A619-4613-99C6-E6058FBC9D81}.Ad-Hoc|iPhoneSimulator.ActiveCfg = Release|Any CPU
		{BA1A56EC-A619-4613-99C6-E6058FBC9D81}.Ad-Hoc|iPhoneSimulator.Build.0 = Release|Any CPU
		{BA1A56EC-A619-4613-99C6-E6058FBC9D81}.Ad-Hoc|iPhoneSimulator.Deploy.0 = Release|Any CPU
		{BA1A56EC-A619-4613-99C6-E6058FBC9D81}.Ad-Hoc|x64.ActiveCfg = Release|Any CPU
		{BA1A56EC-A619-4613-99C6-E6058FBC9D81}.Ad-Hoc|x64.Build.0 = Release|Any CPU
		{BA1A56EC-A619-4613-99C6-E6058FBC9D81}.Ad-Hoc|x64.Deploy.0 = Release|Any CPU
		{BA1A56EC-A619-4613-99C6-E6058FBC9D81}.Ad-Hoc|x86.ActiveCfg = Release|Any CPU
		{BA1A56EC-A619-4613-99C6-E6058FBC9D81}.Ad-Hoc|x86.Build.0 = Release|Any CPU
		{BA1A56EC-A619-4613-99C6-E6058FBC9D81}.Ad-Hoc|x86.Deploy.0 = Release|Any CPU
		{BA1A56EC-A619-4613-99C6-E6058FBC9D81}.AppStore|Any CPU.ActiveCfg = Release|Any CPU
		{BA1A56EC-A619-4613-99C6-E6058FBC9D81}.AppStore|Any CPU.Build.0 = Release|Any CPU
		{BA1A56EC-A619-4613-99C6-E6058FBC9D81}.AppStore|Any CPU.Deploy.0 = Release|Any CPU
		{BA1A56EC-A619-4613-99C6-E6058FBC9D81}.AppStore|ARM.ActiveCfg = Release|Any CPU
		{BA1A56EC-A619-4613-99C6-E6058FBC9D81}.AppStore|ARM.Build.0 = Release|Any CPU
		{BA1A56EC-A619-4613-99C6-E6058FBC9D81}.AppStore|ARM.Deploy.0 = Release|Any CPU
		{BA1A56EC-A619-4613-99C6-E6058FBC9D81}.AppStore|iPhone.ActiveCfg = Release|Any CPU
		{BA1A56EC-A619-4613-99C6-E6058FBC9D81}.AppStore|iPhoneSimulator.ActiveCfg = Release|Any CPU
		{BA1A56EC-A619-4613-99C6-E6058FBC9D81}.AppStore|iPhoneSimulator.Build.0 = Release|Any CPU
		{BA1A56EC-A619-4613-99C6-E6058FBC9D81}.AppStore|iPhoneSimulator.Deploy.0 = Release|Any CPU
		{BA1A56EC-A619-4613-99C6-E6058FBC9D81}.AppStore|x64.ActiveCfg = Release|Any CPU
		{BA1A56EC-A619-4613-99C6-E6058FBC9D81}.AppStore|x64.Build.0 = Release|Any CPU
		{BA1A56EC-A619-4613-99C6-E6058FBC9D81}.AppStore|x64.Deploy.0 = Release|Any CPU
		{BA1A56EC-A619-4613-99C6-E6058FBC9D81}.AppStore|x86.ActiveCfg = Release|Any CPU
		{BA1A56EC-A619-4613-99C6-E6058FBC9D81}.AppStore|x86.Build.0 = Release|Any CPU
		{BA1A56EC-A619-4613-99C6-E6058FBC9D81}.AppStore|x86.Deploy.0 = Release|Any CPU
		{BA1A56EC-A619-4613-99C6-E6058FBC9D81}.Debug|Any CPU.ActiveCfg = Debug|Any CPU
		{BA1A56EC-A619-4613-99C6-E6058FBC9D81}.Debug|Any CPU.Build.0 = Debug|Any CPU
		{BA1A56EC-A619-4613-99C6-E6058FBC9D81}.Debug|Any CPU.Deploy.0 = Debug|Any CPU
		{BA1A56EC-A619-4613-99C6-E6058FBC9D81}.Debug|ARM.ActiveCfg = Debug|Any CPU
		{BA1A56EC-A619-4613-99C6-E6058FBC9D81}.Debug|ARM.Build.0 = Debug|Any CPU
		{BA1A56EC-A619-4613-99C6-E6058FBC9D81}.Debug|ARM.Deploy.0 = Debug|Any CPU
		{BA1A56EC-A619-4613-99C6-E6058FBC9D81}.Debug|iPhone.ActiveCfg = Debug|Any CPU
		{BA1A56EC-A619-4613-99C6-E6058FBC9D81}.Debug|iPhone.Build.0 = Debug|Any CPU
		{BA1A56EC-A619-4613-99C6-E6058FBC9D81}.Debug|iPhone.Deploy.0 = Debug|Any CPU
		{BA1A56EC-A619-4613-99C6-E6058FBC9D81}.Debug|iPhoneSimulator.ActiveCfg = Debug|Any CPU
		{BA1A56EC-A619-4613-99C6-E6058FBC9D81}.Debug|iPhoneSimulator.Build.0 = Debug|Any CPU
		{BA1A56EC-A619-4613-99C6-E6058FBC9D81}.Debug|iPhoneSimulator.Deploy.0 = Debug|Any CPU
		{BA1A56EC-A619-4613-99C6-E6058FBC9D81}.Debug|x64.ActiveCfg = Debug|Any CPU
		{BA1A56EC-A619-4613-99C6-E6058FBC9D81}.Debug|x64.Build.0 = Debug|Any CPU
		{BA1A56EC-A619-4613-99C6-E6058FBC9D81}.Debug|x64.Deploy.0 = Debug|Any CPU
		{BA1A56EC-A619-4613-99C6-E6058FBC9D81}.Debug|x86.ActiveCfg = Debug|Any CPU
		{BA1A56EC-A619-4613-99C6-E6058FBC9D81}.Debug|x86.Build.0 = Debug|Any CPU
		{BA1A56EC-A619-4613-99C6-E6058FBC9D81}.Debug|x86.Deploy.0 = Debug|Any CPU
		{BA1A56EC-A619-4613-99C6-E6058FBC9D81}.Release|Any CPU.ActiveCfg = Release|Any CPU
		{BA1A56EC-A619-4613-99C6-E6058FBC9D81}.Release|Any CPU.Build.0 = Release|Any CPU
		{BA1A56EC-A619-4613-99C6-E6058FBC9D81}.Release|Any CPU.Deploy.0 = Release|Any CPU
		{BA1A56EC-A619-4613-99C6-E6058FBC9D81}.Release|ARM.ActiveCfg = Release|Any CPU
		{BA1A56EC-A619-4613-99C6-E6058FBC9D81}.Release|ARM.Build.0 = Release|Any CPU
		{BA1A56EC-A619-4613-99C6-E6058FBC9D81}.Release|ARM.Deploy.0 = Release|Any CPU
		{BA1A56EC-A619-4613-99C6-E6058FBC9D81}.Release|iPhone.ActiveCfg = Release|Any CPU
		{BA1A56EC-A619-4613-99C6-E6058FBC9D81}.Release|iPhoneSimulator.ActiveCfg = Release|Any CPU
		{BA1A56EC-A619-4613-99C6-E6058FBC9D81}.Release|iPhoneSimulator.Build.0 = Release|Any CPU
		{BA1A56EC-A619-4613-99C6-E6058FBC9D81}.Release|iPhoneSimulator.Deploy.0 = Release|Any CPU
		{BA1A56EC-A619-4613-99C6-E6058FBC9D81}.Release|x64.ActiveCfg = Release|Any CPU
		{BA1A56EC-A619-4613-99C6-E6058FBC9D81}.Release|x64.Build.0 = Release|Any CPU
		{BA1A56EC-A619-4613-99C6-E6058FBC9D81}.Release|x64.Deploy.0 = Release|Any CPU
		{BA1A56EC-A619-4613-99C6-E6058FBC9D81}.Release|x86.ActiveCfg = Release|Any CPU
		{BA1A56EC-A619-4613-99C6-E6058FBC9D81}.Release|x86.Build.0 = Release|Any CPU
		{BA1A56EC-A619-4613-99C6-E6058FBC9D81}.Release|x86.Deploy.0 = Release|Any CPU
		{826FC743-000F-4E91-8AEF-AF6F7DE73E85}.Ad-Hoc|Any CPU.ActiveCfg = Ad-Hoc|iPhone
		{826FC743-000F-4E91-8AEF-AF6F7DE73E85}.Ad-Hoc|ARM.ActiveCfg = Ad-Hoc|iPhone
		{826FC743-000F-4E91-8AEF-AF6F7DE73E85}.Ad-Hoc|iPhone.ActiveCfg = Ad-Hoc|iPhone
		{826FC743-000F-4E91-8AEF-AF6F7DE73E85}.Ad-Hoc|iPhone.Build.0 = Ad-Hoc|iPhone
		{826FC743-000F-4E91-8AEF-AF6F7DE73E85}.Ad-Hoc|iPhoneSimulator.ActiveCfg = Ad-Hoc|iPhoneSimulator
		{826FC743-000F-4E91-8AEF-AF6F7DE73E85}.Ad-Hoc|iPhoneSimulator.Build.0 = Ad-Hoc|iPhoneSimulator
		{826FC743-000F-4E91-8AEF-AF6F7DE73E85}.Ad-Hoc|x64.ActiveCfg = Ad-Hoc|iPhone
		{826FC743-000F-4E91-8AEF-AF6F7DE73E85}.Ad-Hoc|x86.ActiveCfg = Ad-Hoc|iPhone
		{826FC743-000F-4E91-8AEF-AF6F7DE73E85}.AppStore|Any CPU.ActiveCfg = AppStore|iPhone
		{826FC743-000F-4E91-8AEF-AF6F7DE73E85}.AppStore|ARM.ActiveCfg = AppStore|iPhone
		{826FC743-000F-4E91-8AEF-AF6F7DE73E85}.AppStore|iPhone.ActiveCfg = AppStore|iPhone
		{826FC743-000F-4E91-8AEF-AF6F7DE73E85}.AppStore|iPhone.Build.0 = AppStore|iPhone
		{826FC743-000F-4E91-8AEF-AF6F7DE73E85}.AppStore|iPhoneSimulator.ActiveCfg = AppStore|iPhoneSimulator
		{826FC743-000F-4E91-8AEF-AF6F7DE73E85}.AppStore|iPhoneSimulator.Build.0 = AppStore|iPhoneSimulator
		{826FC743-000F-4E91-8AEF-AF6F7DE73E85}.AppStore|x64.ActiveCfg = AppStore|iPhone
		{826FC743-000F-4E91-8AEF-AF6F7DE73E85}.AppStore|x86.ActiveCfg = AppStore|iPhone
		{826FC743-000F-4E91-8AEF-AF6F7DE73E85}.Debug|Any CPU.ActiveCfg = Debug|iPhone
		{826FC743-000F-4E91-8AEF-AF6F7DE73E85}.Debug|ARM.ActiveCfg = Debug|iPhone
		{826FC743-000F-4E91-8AEF-AF6F7DE73E85}.Debug|iPhone.ActiveCfg = Debug|iPhone
		{826FC743-000F-4E91-8AEF-AF6F7DE73E85}.Debug|iPhone.Build.0 = Debug|iPhone
		{826FC743-000F-4E91-8AEF-AF6F7DE73E85}.Debug|iPhoneSimulator.ActiveCfg = Debug|iPhoneSimulator
		{826FC743-000F-4E91-8AEF-AF6F7DE73E85}.Debug|iPhoneSimulator.Build.0 = Debug|iPhoneSimulator
		{826FC743-000F-4E91-8AEF-AF6F7DE73E85}.Debug|x64.ActiveCfg = Debug|iPhone
		{826FC743-000F-4E91-8AEF-AF6F7DE73E85}.Debug|x86.ActiveCfg = Debug|iPhone
		{826FC743-000F-4E91-8AEF-AF6F7DE73E85}.Release|Any CPU.ActiveCfg = Release|iPhone
		{826FC743-000F-4E91-8AEF-AF6F7DE73E85}.Release|ARM.ActiveCfg = Release|iPhone
		{826FC743-000F-4E91-8AEF-AF6F7DE73E85}.Release|iPhone.ActiveCfg = Release|iPhone
		{826FC743-000F-4E91-8AEF-AF6F7DE73E85}.Release|iPhone.Build.0 = Release|iPhone
		{826FC743-000F-4E91-8AEF-AF6F7DE73E85}.Release|iPhoneSimulator.ActiveCfg = Release|iPhoneSimulator
		{826FC743-000F-4E91-8AEF-AF6F7DE73E85}.Release|iPhoneSimulator.Build.0 = Release|iPhoneSimulator
		{826FC743-000F-4E91-8AEF-AF6F7DE73E85}.Release|x64.ActiveCfg = Release|iPhone
		{826FC743-000F-4E91-8AEF-AF6F7DE73E85}.Release|x86.ActiveCfg = Release|iPhone
		{73E9CEEE-D318-4409-A85B-F36F5D65AA73}.Ad-Hoc|Any CPU.ActiveCfg = Release|x86
		{73E9CEEE-D318-4409-A85B-F36F5D65AA73}.Ad-Hoc|Any CPU.Build.0 = Release|x86
		{73E9CEEE-D318-4409-A85B-F36F5D65AA73}.Ad-Hoc|Any CPU.Deploy.0 = Release|x86
		{73E9CEEE-D318-4409-A85B-F36F5D65AA73}.Ad-Hoc|ARM.ActiveCfg = Release|ARM
		{73E9CEEE-D318-4409-A85B-F36F5D65AA73}.Ad-Hoc|ARM.Build.0 = Release|ARM
		{73E9CEEE-D318-4409-A85B-F36F5D65AA73}.Ad-Hoc|ARM.Deploy.0 = Release|ARM
		{73E9CEEE-D318-4409-A85B-F36F5D65AA73}.Ad-Hoc|iPhone.ActiveCfg = Release|x86
		{73E9CEEE-D318-4409-A85B-F36F5D65AA73}.Ad-Hoc|iPhoneSimulator.ActiveCfg = Release|x86
		{73E9CEEE-D318-4409-A85B-F36F5D65AA73}.Ad-Hoc|iPhoneSimulator.Build.0 = Release|x86
		{73E9CEEE-D318-4409-A85B-F36F5D65AA73}.Ad-Hoc|iPhoneSimulator.Deploy.0 = Release|x86
		{73E9CEEE-D318-4409-A85B-F36F5D65AA73}.Ad-Hoc|x64.ActiveCfg = Release|x64
		{73E9CEEE-D318-4409-A85B-F36F5D65AA73}.Ad-Hoc|x64.Build.0 = Release|x64
		{73E9CEEE-D318-4409-A85B-F36F5D65AA73}.Ad-Hoc|x64.Deploy.0 = Release|x64
		{73E9CEEE-D318-4409-A85B-F36F5D65AA73}.Ad-Hoc|x86.ActiveCfg = Release|x86
		{73E9CEEE-D318-4409-A85B-F36F5D65AA73}.Ad-Hoc|x86.Build.0 = Release|x86
		{73E9CEEE-D318-4409-A85B-F36F5D65AA73}.Ad-Hoc|x86.Deploy.0 = Release|x86
		{73E9CEEE-D318-4409-A85B-F36F5D65AA73}.AppStore|Any CPU.ActiveCfg = Release|x86
		{73E9CEEE-D318-4409-A85B-F36F5D65AA73}.AppStore|Any CPU.Build.0 = Release|x86
		{73E9CEEE-D318-4409-A85B-F36F5D65AA73}.AppStore|Any CPU.Deploy.0 = Release|x86
		{73E9CEEE-D318-4409-A85B-F36F5D65AA73}.AppStore|ARM.ActiveCfg = Release|ARM
		{73E9CEEE-D318-4409-A85B-F36F5D65AA73}.AppStore|ARM.Build.0 = Release|ARM
		{73E9CEEE-D318-4409-A85B-F36F5D65AA73}.AppStore|ARM.Deploy.0 = Release|ARM
		{73E9CEEE-D318-4409-A85B-F36F5D65AA73}.AppStore|iPhone.ActiveCfg = Release|x86
		{73E9CEEE-D318-4409-A85B-F36F5D65AA73}.AppStore|iPhoneSimulator.ActiveCfg = Release|x86
		{73E9CEEE-D318-4409-A85B-F36F5D65AA73}.AppStore|iPhoneSimulator.Build.0 = Release|x86
		{73E9CEEE-D318-4409-A85B-F36F5D65AA73}.AppStore|iPhoneSimulator.Deploy.0 = Release|x86
		{73E9CEEE-D318-4409-A85B-F36F5D65AA73}.AppStore|x64.ActiveCfg = Release|x64
		{73E9CEEE-D318-4409-A85B-F36F5D65AA73}.AppStore|x64.Build.0 = Release|x64
		{73E9CEEE-D318-4409-A85B-F36F5D65AA73}.AppStore|x64.Deploy.0 = Release|x64
		{73E9CEEE-D318-4409-A85B-F36F5D65AA73}.AppStore|x86.ActiveCfg = Release|x86
		{73E9CEEE-D318-4409-A85B-F36F5D65AA73}.AppStore|x86.Build.0 = Release|x86
		{73E9CEEE-D318-4409-A85B-F36F5D65AA73}.AppStore|x86.Deploy.0 = Release|x86
		{73E9CEEE-D318-4409-A85B-F36F5D65AA73}.Debug|Any CPU.ActiveCfg = Debug|x86
		{73E9CEEE-D318-4409-A85B-F36F5D65AA73}.Debug|ARM.ActiveCfg = Debug|ARM
		{73E9CEEE-D318-4409-A85B-F36F5D65AA73}.Debug|ARM.Build.0 = Debug|ARM
		{73E9CEEE-D318-4409-A85B-F36F5D65AA73}.Debug|ARM.Deploy.0 = Debug|ARM
		{73E9CEEE-D318-4409-A85B-F36F5D65AA73}.Debug|iPhone.ActiveCfg = Debug|x86
		{73E9CEEE-D318-4409-A85B-F36F5D65AA73}.Debug|iPhoneSimulator.ActiveCfg = Debug|x86
		{73E9CEEE-D318-4409-A85B-F36F5D65AA73}.Debug|x64.ActiveCfg = Debug|x64
		{73E9CEEE-D318-4409-A85B-F36F5D65AA73}.Debug|x64.Build.0 = Debug|x64
		{73E9CEEE-D318-4409-A85B-F36F5D65AA73}.Debug|x64.Deploy.0 = Debug|x64
		{73E9CEEE-D318-4409-A85B-F36F5D65AA73}.Debug|x86.ActiveCfg = Debug|x86
		{73E9CEEE-D318-4409-A85B-F36F5D65AA73}.Debug|x86.Build.0 = Debug|x86
		{73E9CEEE-D318-4409-A85B-F36F5D65AA73}.Debug|x86.Deploy.0 = Debug|x86
		{73E9CEEE-D318-4409-A85B-F36F5D65AA73}.Release|Any CPU.ActiveCfg = Release|x86
		{73E9CEEE-D318-4409-A85B-F36F5D65AA73}.Release|ARM.ActiveCfg = Release|ARM
		{73E9CEEE-D318-4409-A85B-F36F5D65AA73}.Release|ARM.Build.0 = Release|ARM
		{73E9CEEE-D318-4409-A85B-F36F5D65AA73}.Release|ARM.Deploy.0 = Release|ARM
		{73E9CEEE-D318-4409-A85B-F36F5D65AA73}.Release|iPhone.ActiveCfg = Release|x86
		{73E9CEEE-D318-4409-A85B-F36F5D65AA73}.Release|iPhoneSimulator.ActiveCfg = Release|x86
		{73E9CEEE-D318-4409-A85B-F36F5D65AA73}.Release|x64.ActiveCfg = Release|x64
		{73E9CEEE-D318-4409-A85B-F36F5D65AA73}.Release|x64.Build.0 = Release|x64
		{73E9CEEE-D318-4409-A85B-F36F5D65AA73}.Release|x64.Deploy.0 = Release|x64
		{73E9CEEE-D318-4409-A85B-F36F5D65AA73}.Release|x86.ActiveCfg = Release|x86
		{73E9CEEE-D318-4409-A85B-F36F5D65AA73}.Release|x86.Build.0 = Release|x86
		{73E9CEEE-D318-4409-A85B-F36F5D65AA73}.Release|x86.Deploy.0 = Release|x86
		{6844D319-23DE-45A0-AEAF-EDFDF0654ACD}.Ad-Hoc|Any CPU.ActiveCfg = Release|Any CPU
		{6844D319-23DE-45A0-AEAF-EDFDF0654ACD}.Ad-Hoc|Any CPU.Build.0 = Release|Any CPU
		{6844D319-23DE-45A0-AEAF-EDFDF0654ACD}.Ad-Hoc|ARM.ActiveCfg = Release|Any CPU
		{6844D319-23DE-45A0-AEAF-EDFDF0654ACD}.Ad-Hoc|ARM.Build.0 = Release|Any CPU
		{6844D319-23DE-45A0-AEAF-EDFDF0654ACD}.Ad-Hoc|iPhone.ActiveCfg = Release|Any CPU
		{6844D319-23DE-45A0-AEAF-EDFDF0654ACD}.Ad-Hoc|iPhone.Build.0 = Release|Any CPU
		{6844D319-23DE-45A0-AEAF-EDFDF0654ACD}.Ad-Hoc|iPhoneSimulator.ActiveCfg = Release|Any CPU
		{6844D319-23DE-45A0-AEAF-EDFDF0654ACD}.Ad-Hoc|iPhoneSimulator.Build.0 = Release|Any CPU
		{6844D319-23DE-45A0-AEAF-EDFDF0654ACD}.Ad-Hoc|x64.ActiveCfg = Release|Any CPU
		{6844D319-23DE-45A0-AEAF-EDFDF0654ACD}.Ad-Hoc|x64.Build.0 = Release|Any CPU
		{6844D319-23DE-45A0-AEAF-EDFDF0654ACD}.Ad-Hoc|x86.ActiveCfg = Release|Any CPU
		{6844D319-23DE-45A0-AEAF-EDFDF0654ACD}.Ad-Hoc|x86.Build.0 = Release|Any CPU
		{6844D319-23DE-45A0-AEAF-EDFDF0654ACD}.AppStore|Any CPU.ActiveCfg = Release|Any CPU
		{6844D319-23DE-45A0-AEAF-EDFDF0654ACD}.AppStore|Any CPU.Build.0 = Release|Any CPU
		{6844D319-23DE-45A0-AEAF-EDFDF0654ACD}.AppStore|ARM.ActiveCfg = Release|Any CPU
		{6844D319-23DE-45A0-AEAF-EDFDF0654ACD}.AppStore|ARM.Build.0 = Release|Any CPU
		{6844D319-23DE-45A0-AEAF-EDFDF0654ACD}.AppStore|iPhone.ActiveCfg = Release|Any CPU
		{6844D319-23DE-45A0-AEAF-EDFDF0654ACD}.AppStore|iPhone.Build.0 = Release|Any CPU
		{6844D319-23DE-45A0-AEAF-EDFDF0654ACD}.AppStore|iPhoneSimulator.ActiveCfg = Release|Any CPU
		{6844D319-23DE-45A0-AEAF-EDFDF0654ACD}.AppStore|iPhoneSimulator.Build.0 = Release|Any CPU
		{6844D319-23DE-45A0-AEAF-EDFDF0654ACD}.AppStore|x64.ActiveCfg = Release|Any CPU
		{6844D319-23DE-45A0-AEAF-EDFDF0654ACD}.AppStore|x64.Build.0 = Release|Any CPU
		{6844D319-23DE-45A0-AEAF-EDFDF0654ACD}.AppStore|x86.ActiveCfg = Release|Any CPU
		{6844D319-23DE-45A0-AEAF-EDFDF0654ACD}.AppStore|x86.Build.0 = Release|Any CPU
		{6844D319-23DE-45A0-AEAF-EDFDF0654ACD}.Debug|Any CPU.ActiveCfg = Debug|Any CPU
		{6844D319-23DE-45A0-AEAF-EDFDF0654ACD}.Debug|Any CPU.Build.0 = Debug|Any CPU
		{6844D319-23DE-45A0-AEAF-EDFDF0654ACD}.Debug|ARM.ActiveCfg = Debug|Any CPU
		{6844D319-23DE-45A0-AEAF-EDFDF0654ACD}.Debug|ARM.Build.0 = Debug|Any CPU
		{6844D319-23DE-45A0-AEAF-EDFDF0654ACD}.Debug|iPhone.ActiveCfg = Debug|Any CPU
		{6844D319-23DE-45A0-AEAF-EDFDF0654ACD}.Debug|iPhone.Build.0 = Debug|Any CPU
		{6844D319-23DE-45A0-AEAF-EDFDF0654ACD}.Debug|iPhoneSimulator.ActiveCfg = Debug|Any CPU
		{6844D319-23DE-45A0-AEAF-EDFDF0654ACD}.Debug|iPhoneSimulator.Build.0 = Debug|Any CPU
		{6844D319-23DE-45A0-AEAF-EDFDF0654ACD}.Debug|x64.ActiveCfg = Debug|Any CPU
		{6844D319-23DE-45A0-AEAF-EDFDF0654ACD}.Debug|x64.Build.0 = Debug|Any CPU
		{6844D319-23DE-45A0-AEAF-EDFDF0654ACD}.Debug|x86.ActiveCfg = Debug|Any CPU
		{6844D319-23DE-45A0-AEAF-EDFDF0654ACD}.Debug|x86.Build.0 = Debug|Any CPU
		{6844D319-23DE-45A0-AEAF-EDFDF0654ACD}.Release|Any CPU.ActiveCfg = Release|Any CPU
		{6844D319-23DE-45A0-AEAF-EDFDF0654ACD}.Release|Any CPU.Build.0 = Release|Any CPU
		{6844D319-23DE-45A0-AEAF-EDFDF0654ACD}.Release|ARM.ActiveCfg = Release|Any CPU
		{6844D319-23DE-45A0-AEAF-EDFDF0654ACD}.Release|ARM.Build.0 = Release|Any CPU
		{6844D319-23DE-45A0-AEAF-EDFDF0654ACD}.Release|iPhone.ActiveCfg = Release|Any CPU
		{6844D319-23DE-45A0-AEAF-EDFDF0654ACD}.Release|iPhone.Build.0 = Release|Any CPU
		{6844D319-23DE-45A0-AEAF-EDFDF0654ACD}.Release|iPhoneSimulator.ActiveCfg = Release|Any CPU
		{6844D319-23DE-45A0-AEAF-EDFDF0654ACD}.Release|iPhoneSimulator.Build.0 = Release|Any CPU
		{6844D319-23DE-45A0-AEAF-EDFDF0654ACD}.Release|x64.ActiveCfg = Release|Any CPU
		{6844D319-23DE-45A0-AEAF-EDFDF0654ACD}.Release|x64.Build.0 = Release|Any CPU
		{6844D319-23DE-45A0-AEAF-EDFDF0654ACD}.Release|x86.ActiveCfg = Release|Any CPU
		{6844D319-23DE-45A0-AEAF-EDFDF0654ACD}.Release|x86.Build.0 = Release|Any CPU
	EndGlobalSection
	GlobalSection(SolutionProperties) = preSolution
		HideSolutionNode = FALSE
	EndGlobalSection
EndGlobal
